// !$*UTF8*$!
{
	archiveVersion = 1;
	classes = {
	};
	objectVersion = 55;
	objects = {

/* Begin PBXBuildFile section */
		BF9A6C7E28709DD000D8629C /* FavfoodsApp.swift in Sources */ = {isa = PBXBuildFile; fileRef = BF9A6C7D28709DD000D8629C /* FavfoodsApp.swift */; };
		BF9A6C8028709DD000D8629C /* ContentView.swift in Sources */ = {isa = PBXBuildFile; fileRef = BF9A6C7F28709DD000D8629C /* ContentView.swift */; };
		BF9A6C8228709DD300D8629C /* Assets.xcassets in Resources */ = {isa = PBXBuildFile; fileRef = BF9A6C8128709DD300D8629C /* Assets.xcassets */; };
		BF9A6C8528709DD300D8629C /* Preview Assets.xcassets in Resources */ = {isa = PBXBuildFile; fileRef = BF9A6C8428709DD300D8629C /* Preview Assets.xcassets */; };
		BF9A6C8F28709DD300D8629C /* FavfoodsTests.swift in Sources */ = {isa = PBXBuildFile; fileRef = BF9A6C8E28709DD300D8629C /* FavfoodsTests.swift */; };
		BF9A6C9928709DD300D8629C /* FavfoodsUITests.swift in Sources */ = {isa = PBXBuildFile; fileRef = BF9A6C9828709DD300D8629C /* FavfoodsUITests.swift */; };
		BF9A6C9B28709DD300D8629C /* FavfoodsUITestsLaunchTests.swift in Sources */ = {isa = PBXBuildFile; fileRef = BF9A6C9A28709DD300D8629C /* FavfoodsUITestsLaunchTests.swift */; };
		BFB06831287195D400AEBCEC /* GetStartedView.swift in Sources */ = {isa = PBXBuildFile; fileRef = BFB06830287195D400AEBCEC /* GetStartedView.swift */; };
		BFB068352871DB5B00AEBCEC /* Poppins-Regular.ttf in Resources */ = {isa = PBXBuildFile; fileRef = BFB068322871DB5B00AEBCEC /* Poppins-Regular.ttf */; };
		BFB068362871DB5B00AEBCEC /* Poppins-Regular.ttf in Resources */ = {isa = PBXBuildFile; fileRef = BFB068322871DB5B00AEBCEC /* Poppins-Regular.ttf */; };
		BFB068372871DB5B00AEBCEC /* Poppins-Regular.ttf in Resources */ = {isa = PBXBuildFile; fileRef = BFB068322871DB5B00AEBCEC /* Poppins-Regular.ttf */; };
		BFB068382871DB5B00AEBCEC /* Poppins-SemiBold.ttf in Resources */ = {isa = PBXBuildFile; fileRef = BFB068332871DB5B00AEBCEC /* Poppins-SemiBold.ttf */; };
		BFB068392871DB5B00AEBCEC /* Poppins-SemiBold.ttf in Resources */ = {isa = PBXBuildFile; fileRef = BFB068332871DB5B00AEBCEC /* Poppins-SemiBold.ttf */; };
		BFB0683A2871DB5B00AEBCEC /* Poppins-SemiBold.ttf in Resources */ = {isa = PBXBuildFile; fileRef = BFB068332871DB5B00AEBCEC /* Poppins-SemiBold.ttf */; };
		BFB0683B2871DB5B00AEBCEC /* Poppins-Bold.ttf in Resources */ = {isa = PBXBuildFile; fileRef = BFB068342871DB5B00AEBCEC /* Poppins-Bold.ttf */; };
		BFB0683C2871DB5B00AEBCEC /* Poppins-Bold.ttf in Resources */ = {isa = PBXBuildFile; fileRef = BFB068342871DB5B00AEBCEC /* Poppins-Bold.ttf */; };
		BFB0683D2871DB5B00AEBCEC /* Poppins-Bold.ttf in Resources */ = {isa = PBXBuildFile; fileRef = BFB068342871DB5B00AEBCEC /* Poppins-Bold.ttf */; };
		BFB068402871EBD000AEBCEC /* HomeView.swift in Sources */ = {isa = PBXBuildFile; fileRef = BFB0683F2871EBD000AEBCEC /* HomeView.swift */; };
		BFB068412871EBD000AEBCEC /* HomeView.swift in Sources */ = {isa = PBXBuildFile; fileRef = BFB0683F2871EBD000AEBCEC /* HomeView.swift */; };
		BFB068422871EBD000AEBCEC /* HomeView.swift in Sources */ = {isa = PBXBuildFile; fileRef = BFB0683F2871EBD000AEBCEC /* HomeView.swift */; };
		BFB068442871F23600AEBCEC /* .gitignore in Resources */ = {isa = PBXBuildFile; fileRef = BFB068432871F23600AEBCEC /* .gitignore */; };
		BFB068452871F23600AEBCEC /* .gitignore in Resources */ = {isa = PBXBuildFile; fileRef = BFB068432871F23600AEBCEC /* .gitignore */; };
		BFB068462871F23600AEBCEC /* .gitignore in Resources */ = {isa = PBXBuildFile; fileRef = BFB068432871F23600AEBCEC /* .gitignore */; };
		BFD23148287358890033360A /* Poppins-Medium.ttf in Resources */ = {isa = PBXBuildFile; fileRef = BFD23147287358890033360A /* Poppins-Medium.ttf */; };
		BFD23149287358890033360A /* Poppins-Medium.ttf in Resources */ = {isa = PBXBuildFile; fileRef = BFD23147287358890033360A /* Poppins-Medium.ttf */; };
		BFD2314A287358890033360A /* Poppins-Medium.ttf in Resources */ = {isa = PBXBuildFile; fileRef = BFD23147287358890033360A /* Poppins-Medium.ttf */; };
		BFF3100D2875D0650091C616 /* DetailView.swift in Sources */ = {isa = PBXBuildFile; fileRef = BFF3100C2875D0650091C616 /* DetailView.swift */; };
		BFF3100E2875D0650091C616 /* DetailView.swift in Sources */ = {isa = PBXBuildFile; fileRef = BFF3100C2875D0650091C616 /* DetailView.swift */; };
		BFF3100F2875D0650091C616 /* DetailView.swift in Sources */ = {isa = PBXBuildFile; fileRef = BFF3100C2875D0650091C616 /* DetailView.swift */; };
/* End PBXBuildFile section */

/* Begin PBXContainerItemProxy section */
		BF9A6C8B28709DD300D8629C /* PBXContainerItemProxy */ = {
			isa = PBXContainerItemProxy;
			containerPortal = BF9A6C7228709DD000D8629C /* Project object */;
			proxyType = 1;
			remoteGlobalIDString = BF9A6C7928709DD000D8629C;
			remoteInfo = Favfoods;
		};
		BF9A6C9528709DD300D8629C /* PBXContainerItemProxy */ = {
			isa = PBXContainerItemProxy;
			containerPortal = BF9A6C7228709DD000D8629C /* Project object */;
			proxyType = 1;
			remoteGlobalIDString = BF9A6C7928709DD000D8629C;
			remoteInfo = Favfoods;
		};
/* End PBXContainerItemProxy section */

/* Begin PBXFileReference section */
		BF9A6C7A28709DD000D8629C /* Favfoods.app */ = {isa = PBXFileReference; explicitFileType = wrapper.application; includeInIndex = 0; path = Favfoods.app; sourceTree = BUILT_PRODUCTS_DIR; };
		BF9A6C7D28709DD000D8629C /* FavfoodsApp.swift */ = {isa = PBXFileReference; lastKnownFileType = sourcecode.swift; path = FavfoodsApp.swift; sourceTree = "<group>"; };
		BF9A6C7F28709DD000D8629C /* ContentView.swift */ = {isa = PBXFileReference; lastKnownFileType = sourcecode.swift; path = ContentView.swift; sourceTree = "<group>"; usesTabs = 0; };
		BF9A6C8128709DD300D8629C /* Assets.xcassets */ = {isa = PBXFileReference; lastKnownFileType = folder.assetcatalog; path = Assets.xcassets; sourceTree = "<group>"; };
		BF9A6C8428709DD300D8629C /* Preview Assets.xcassets */ = {isa = PBXFileReference; lastKnownFileType = folder.assetcatalog; path = "Preview Assets.xcassets"; sourceTree = "<group>"; };
		BF9A6C8A28709DD300D8629C /* FavfoodsTests.xctest */ = {isa = PBXFileReference; explicitFileType = wrapper.cfbundle; includeInIndex = 0; path = FavfoodsTests.xctest; sourceTree = BUILT_PRODUCTS_DIR; };
		BF9A6C8E28709DD300D8629C /* FavfoodsTests.swift */ = {isa = PBXFileReference; lastKnownFileType = sourcecode.swift; path = FavfoodsTests.swift; sourceTree = "<group>"; };
		BF9A6C9428709DD300D8629C /* FavfoodsUITests.xctest */ = {isa = PBXFileReference; explicitFileType = wrapper.cfbundle; includeInIndex = 0; path = FavfoodsUITests.xctest; sourceTree = BUILT_PRODUCTS_DIR; };
		BF9A6C9828709DD300D8629C /* FavfoodsUITests.swift */ = {isa = PBXFileReference; lastKnownFileType = sourcecode.swift; path = FavfoodsUITests.swift; sourceTree = "<group>"; };
		BF9A6C9A28709DD300D8629C /* FavfoodsUITestsLaunchTests.swift */ = {isa = PBXFileReference; lastKnownFileType = sourcecode.swift; path = FavfoodsUITestsLaunchTests.swift; sourceTree = "<group>"; };
		BFB06830287195D400AEBCEC /* GetStartedView.swift */ = {isa = PBXFileReference; lastKnownFileType = sourcecode.swift; path = GetStartedView.swift; sourceTree = "<group>"; };
		BFB068322871DB5B00AEBCEC /* Poppins-Regular.ttf */ = {isa = PBXFileReference; lastKnownFileType = file; path = "Poppins-Regular.ttf"; sourceTree = "<group>"; };
		BFB068332871DB5B00AEBCEC /* Poppins-SemiBold.ttf */ = {isa = PBXFileReference; lastKnownFileType = file; path = "Poppins-SemiBold.ttf"; sourceTree = "<group>"; };
		BFB068342871DB5B00AEBCEC /* Poppins-Bold.ttf */ = {isa = PBXFileReference; lastKnownFileType = file; path = "Poppins-Bold.ttf"; sourceTree = "<group>"; };
		BFB0683E2871DB9400AEBCEC /* Info.plist */ = {isa = PBXFileReference; lastKnownFileType = text.plist; path = Info.plist; sourceTree = "<group>"; };
		BFB0683F2871EBD000AEBCEC /* HomeView.swift */ = {isa = PBXFileReference; lastKnownFileType = sourcecode.swift; path = HomeView.swift; sourceTree = "<group>"; };
		BFB068432871F23600AEBCEC /* .gitignore */ = {isa = PBXFileReference; lastKnownFileType = text; path = .gitignore; sourceTree = "<group>"; };
		BFD23147287358890033360A /* Poppins-Medium.ttf */ = {isa = PBXFileReference; lastKnownFileType = file; path = "Poppins-Medium.ttf"; sourceTree = "<group>"; };
		BFF3100C2875D0650091C616 /* DetailView.swift */ = {isa = PBXFileReference; lastKnownFileType = sourcecode.swift; path = DetailView.swift; sourceTree = "<group>"; };
/* End PBXFileReference section */

/* Begin PBXFrameworksBuildPhase section */
		BF9A6C7728709DD000D8629C /* Frameworks */ = {
			isa = PBXFrameworksBuildPhase;
			buildActionMask = 2147483647;
			files = (
			);
			runOnlyForDeploymentPostprocessing = 0;
		};
		BF9A6C8728709DD300D8629C /* Frameworks */ = {
			isa = PBXFrameworksBuildPhase;
			buildActionMask = 2147483647;
			files = (
			);
			runOnlyForDeploymentPostprocessing = 0;
		};
		BF9A6C9128709DD300D8629C /* Frameworks */ = {
			isa = PBXFrameworksBuildPhase;
			buildActionMask = 2147483647;
			files = (
			);
			runOnlyForDeploymentPostprocessing = 0;
		};
/* End PBXFrameworksBuildPhase section */

/* Begin PBXGroup section */
		BF9A6C7128709DD000D8629C = {
			isa = PBXGroup;
			children = (
				BF9A6C7C28709DD000D8629C /* Favfoods */,
				BF9A6C8D28709DD300D8629C /* FavfoodsTests */,
				BF9A6C9728709DD300D8629C /* FavfoodsUITests */,
				BF9A6C7B28709DD000D8629C /* Products */,
			);
			sourceTree = "<group>";
		};
		BF9A6C7B28709DD000D8629C /* Products */ = {
			isa = PBXGroup;
			children = (
				BF9A6C7A28709DD000D8629C /* Favfoods.app */,
				BF9A6C8A28709DD300D8629C /* FavfoodsTests.xctest */,
				BF9A6C9428709DD300D8629C /* FavfoodsUITests.xctest */,
			);
			name = Products;
			sourceTree = "<group>";
		};
		BF9A6C7C28709DD000D8629C /* Favfoods */ = {
			isa = PBXGroup;
			children = (
				BFB0683E2871DB9400AEBCEC /* Info.plist */,
				BFB068342871DB5B00AEBCEC /* Poppins-Bold.ttf */,
				BFB068322871DB5B00AEBCEC /* Poppins-Regular.ttf */,
				BFD23147287358890033360A /* Poppins-Medium.ttf */,
				BFB068332871DB5B00AEBCEC /* Poppins-SemiBold.ttf */,
				BF9A6C7D28709DD000D8629C /* FavfoodsApp.swift */,
				BFF3100C2875D0650091C616 /* DetailView.swift */,
				BF9A6C7F28709DD000D8629C /* ContentView.swift */,
				BFB06830287195D400AEBCEC /* GetStartedView.swift */,
				BFB0683F2871EBD000AEBCEC /* HomeView.swift */,
				BF9A6C8128709DD300D8629C /* Assets.xcassets */,
				BF9A6C8328709DD300D8629C /* Preview Content */,
			);
			path = Favfoods;
			sourceTree = "<group>";
		};
		BF9A6C8328709DD300D8629C /* Preview Content */ = {
			isa = PBXGroup;
			children = (
				BF9A6C8428709DD300D8629C /* Preview Assets.xcassets */,
			);
			path = "Preview Content";
			sourceTree = "<group>";
		};
		BF9A6C8D28709DD300D8629C /* FavfoodsTests */ = {
			isa = PBXGroup;
			children = (
				BF9A6C8E28709DD300D8629C /* FavfoodsTests.swift */,
			);
			path = FavfoodsTests;
			sourceTree = "<group>";
		};
		BF9A6C9728709DD300D8629C /* FavfoodsUITests */ = {
			isa = PBXGroup;
			children = (
				BFB068432871F23600AEBCEC /* .gitignore */,
				BF9A6C9828709DD300D8629C /* FavfoodsUITests.swift */,
				BF9A6C9A28709DD300D8629C /* FavfoodsUITestsLaunchTests.swift */,
			);
			path = FavfoodsUITests;
			sourceTree = "<group>";
		};
/* End PBXGroup section */

/* Begin PBXNativeTarget section */
		BF9A6C7928709DD000D8629C /* Favfoods */ = {
			isa = PBXNativeTarget;
			buildConfigurationList = BF9A6C9E28709DD300D8629C /* Build configuration list for PBXNativeTarget "Favfoods" */;
			buildPhases = (
				BF9A6C7628709DD000D8629C /* Sources */,
				BF9A6C7728709DD000D8629C /* Frameworks */,
				BF9A6C7828709DD000D8629C /* Resources */,
			);
			buildRules = (
			);
			dependencies = (
			);
			name = Favfoods;
			productName = Favfoods;
			productReference = BF9A6C7A28709DD000D8629C /* Favfoods.app */;
			productType = "com.apple.product-type.application";
		};
		BF9A6C8928709DD300D8629C /* FavfoodsTests */ = {
			isa = PBXNativeTarget;
			buildConfigurationList = BF9A6CA128709DD300D8629C /* Build configuration list for PBXNativeTarget "FavfoodsTests" */;
			buildPhases = (
				BF9A6C8628709DD300D8629C /* Sources */,
				BF9A6C8728709DD300D8629C /* Frameworks */,
				BF9A6C8828709DD300D8629C /* Resources */,
			);
			buildRules = (
			);
			dependencies = (
				BF9A6C8C28709DD300D8629C /* PBXTargetDependency */,
			);
			name = FavfoodsTests;
			productName = FavfoodsTests;
			productReference = BF9A6C8A28709DD300D8629C /* FavfoodsTests.xctest */;
			productType = "com.apple.product-type.bundle.unit-test";
		};
		BF9A6C9328709DD300D8629C /* FavfoodsUITests */ = {
			isa = PBXNativeTarget;
			buildConfigurationList = BF9A6CA428709DD300D8629C /* Build configuration list for PBXNativeTarget "FavfoodsUITests" */;
			buildPhases = (
				BF9A6C9028709DD300D8629C /* Sources */,
				BF9A6C9128709DD300D8629C /* Frameworks */,
				BF9A6C9228709DD300D8629C /* Resources */,
			);
			buildRules = (
			);
			dependencies = (
				BF9A6C9628709DD300D8629C /* PBXTargetDependency */,
			);
			name = FavfoodsUITests;
			productName = FavfoodsUITests;
			productReference = BF9A6C9428709DD300D8629C /* FavfoodsUITests.xctest */;
			productType = "com.apple.product-type.bundle.ui-testing";
		};
/* End PBXNativeTarget section */

/* Begin PBXProject section */
		BF9A6C7228709DD000D8629C /* Project object */ = {
			isa = PBXProject;
			attributes = {
				BuildIndependentTargetsInParallel = 1;
				LastSwiftUpdateCheck = 1340;
				LastUpgradeCheck = 1340;
				TargetAttributes = {
					BF9A6C7928709DD000D8629C = {
						CreatedOnToolsVersion = 13.4.1;
					};
					BF9A6C8928709DD300D8629C = {
						CreatedOnToolsVersion = 13.4.1;
						TestTargetID = BF9A6C7928709DD000D8629C;
					};
					BF9A6C9328709DD300D8629C = {
						CreatedOnToolsVersion = 13.4.1;
						TestTargetID = BF9A6C7928709DD000D8629C;
					};
				};
			};
			buildConfigurationList = BF9A6C7528709DD000D8629C /* Build configuration list for PBXProject "Favfoods" */;
			compatibilityVersion = "Xcode 13.0";
			developmentRegion = en;
			hasScannedForEncodings = 0;
			knownRegions = (
				en,
				Base,
			);
			mainGroup = BF9A6C7128709DD000D8629C;
			productRefGroup = BF9A6C7B28709DD000D8629C /* Products */;
			projectDirPath = "";
			projectRoot = "";
			targets = (
				BF9A6C7928709DD000D8629C /* Favfoods */,
				BF9A6C8928709DD300D8629C /* FavfoodsTests */,
				BF9A6C9328709DD300D8629C /* FavfoodsUITests */,
			);
		};
/* End PBXProject section */

/* Begin PBXResourcesBuildPhase section */
		BF9A6C7828709DD000D8629C /* Resources */ = {
			isa = PBXResourcesBuildPhase;
			buildActionMask = 2147483647;
			files = (
				BFB068352871DB5B00AEBCEC /* Poppins-Regular.ttf in Resources */,
				BFD23148287358890033360A /* Poppins-Medium.ttf in Resources */,
				BFB068382871DB5B00AEBCEC /* Poppins-SemiBold.ttf in Resources */,
				BFB0683B2871DB5B00AEBCEC /* Poppins-Bold.ttf in Resources */,
				BF9A6C8528709DD300D8629C /* Preview Assets.xcassets in Resources */,
				BFB068442871F23600AEBCEC /* .gitignore in Resources */,
				BF9A6C8228709DD300D8629C /* Assets.xcassets in Resources */,
			);
			runOnlyForDeploymentPostprocessing = 0;
		};
		BF9A6C8828709DD300D8629C /* Resources */ = {
			isa = PBXResourcesBuildPhase;
			buildActionMask = 2147483647;
			files = (
				BFB068452871F23600AEBCEC /* .gitignore in Resources */,
				BFB068362871DB5B00AEBCEC /* Poppins-Regular.ttf in Resources */,
				BFB0683C2871DB5B00AEBCEC /* Poppins-Bold.ttf in Resources */,
				BFB068392871DB5B00AEBCEC /* Poppins-SemiBold.ttf in Resources */,
				BFD23149287358890033360A /* Poppins-Medium.ttf in Resources */,
			);
			runOnlyForDeploymentPostprocessing = 0;
		};
		BF9A6C9228709DD300D8629C /* Resources */ = {
			isa = PBXResourcesBuildPhase;
			buildActionMask = 2147483647;
			files = (
				BFB068462871F23600AEBCEC /* .gitignore in Resources */,
				BFB068372871DB5B00AEBCEC /* Poppins-Regular.ttf in Resources */,
				BFB0683D2871DB5B00AEBCEC /* Poppins-Bold.ttf in Resources */,
				BFB0683A2871DB5B00AEBCEC /* Poppins-SemiBold.ttf in Resources */,
				BFD2314A287358890033360A /* Poppins-Medium.ttf in Resources */,
			);
			runOnlyForDeploymentPostprocessing = 0;
		};
/* End PBXResourcesBuildPhase section */

/* Begin PBXSourcesBuildPhase section */
		BF9A6C7628709DD000D8629C /* Sources */ = {
			isa = PBXSourcesBuildPhase;
			buildActionMask = 2147483647;
			files = (
				BF9A6C8028709DD000D8629C /* ContentView.swift in Sources */,
				BFB068402871EBD000AEBCEC /* HomeView.swift in Sources */,
				BFB06831287195D400AEBCEC /* GetStartedView.swift in Sources */,
				BFF3100D2875D0650091C616 /* DetailView.swift in Sources */,
				BF9A6C7E28709DD000D8629C /* FavfoodsApp.swift in Sources */,
			);
			runOnlyForDeploymentPostprocessing = 0;
		};
		BF9A6C8628709DD300D8629C /* Sources */ = {
			isa = PBXSourcesBuildPhase;
			buildActionMask = 2147483647;
			files = (
				BF9A6C8F28709DD300D8629C /* FavfoodsTests.swift in Sources */,
				BFF3100E2875D0650091C616 /* DetailView.swift in Sources */,
				BFB068412871EBD000AEBCEC /* HomeView.swift in Sources */,
			);
			runOnlyForDeploymentPostprocessing = 0;
		};
		BF9A6C9028709DD300D8629C /* Sources */ = {
			isa = PBXSourcesBuildPhase;
			buildActionMask = 2147483647;
			files = (
				BFB068422871EBD000AEBCEC /* HomeView.swift in Sources */,
				BFF3100F2875D0650091C616 /* DetailView.swift in Sources */,
				BF9A6C9B28709DD300D8629C /* FavfoodsUITestsLaunchTests.swift in Sources */,
				BF9A6C9928709DD300D8629C /* FavfoodsUITests.swift in Sources */,
			);
			runOnlyForDeploymentPostprocessing = 0;
		};
/* End PBXSourcesBuildPhase section */

/* Begin PBXTargetDependency section */
		BF9A6C8C28709DD300D8629C /* PBXTargetDependency */ = {
			isa = PBXTargetDependency;
			target = BF9A6C7928709DD000D8629C /* Favfoods */;
			targetProxy = BF9A6C8B28709DD300D8629C /* PBXContainerItemProxy */;
		};
		BF9A6C9628709DD300D8629C /* PBXTargetDependency */ = {
			isa = PBXTargetDependency;
			target = BF9A6C7928709DD000D8629C /* Favfoods */;
			targetProxy = BF9A6C9528709DD300D8629C /* PBXContainerItemProxy */;
		};
/* End PBXTargetDependency section */

/* Begin XCBuildConfiguration section */
		BF9A6C9C28709DD300D8629C /* Debug */ = {
			isa = XCBuildConfiguration;
			buildSettings = {
				ALWAYS_SEARCH_USER_PATHS = NO;
				CLANG_ANALYZER_NONNULL = YES;
				CLANG_ANALYZER_NUMBER_OBJECT_CONVERSION = YES_AGGRESSIVE;
				CLANG_CXX_LANGUAGE_STANDARD = "gnu++17";
				CLANG_ENABLE_MODULES = YES;
				CLANG_ENABLE_OBJC_ARC = YES;
				CLANG_ENABLE_OBJC_WEAK = YES;
				CLANG_WARN_BLOCK_CAPTURE_AUTORELEASING = YES;
				CLANG_WARN_BOOL_CONVERSION = YES;
				CLANG_WARN_COMMA = YES;
				CLANG_WARN_CONSTANT_CONVERSION = YES;
				CLANG_WARN_DEPRECATED_OBJC_IMPLEMENTATIONS = YES;
				CLANG_WARN_DIRECT_OBJC_ISA_USAGE = YES_ERROR;
				CLANG_WARN_DOCUMENTATION_COMMENTS = YES;
				CLANG_WARN_EMPTY_BODY = YES;
				CLANG_WARN_ENUM_CONVERSION = YES;
				CLANG_WARN_INFINITE_RECURSION = YES;
				CLANG_WARN_INT_CONVERSION = YES;
				CLANG_WARN_NON_LITERAL_NULL_CONVERSION = YES;
				CLANG_WARN_OBJC_IMPLICIT_RETAIN_SELF = YES;
				CLANG_WARN_OBJC_LITERAL_CONVERSION = YES;
				CLANG_WARN_OBJC_ROOT_CLASS = YES_ERROR;
				CLANG_WARN_QUOTED_INCLUDE_IN_FRAMEWORK_HEADER = YES;
				CLANG_WARN_RANGE_LOOP_ANALYSIS = YES;
				CLANG_WARN_STRICT_PROTOTYPES = YES;
				CLANG_WARN_SUSPICIOUS_MOVE = YES;
				CLANG_WARN_UNGUARDED_AVAILABILITY = YES_AGGRESSIVE;
				CLANG_WARN_UNREACHABLE_CODE = YES;
				CLANG_WARN__DUPLICATE_METHOD_MATCH = YES;
				COPY_PHASE_STRIP = NO;
				DEBUG_INFORMATION_FORMAT = dwarf;
				ENABLE_STRICT_OBJC_MSGSEND = YES;
				ENABLE_TESTABILITY = YES;
				GCC_C_LANGUAGE_STANDARD = gnu11;
				GCC_DYNAMIC_NO_PIC = NO;
				GCC_NO_COMMON_BLOCKS = YES;
				GCC_OPTIMIZATION_LEVEL = 0;
				GCC_PREPROCESSOR_DEFINITIONS = (
					"DEBUG=1",
					"$(inherited)",
				);
				GCC_WARN_64_TO_32_BIT_CONVERSION = YES;
				GCC_WARN_ABOUT_RETURN_TYPE = YES_ERROR;
				GCC_WARN_UNDECLARED_SELECTOR = YES;
				GCC_WARN_UNINITIALIZED_AUTOS = YES_AGGRESSIVE;
				GCC_WARN_UNUSED_FUNCTION = YES;
				GCC_WARN_UNUSED_VARIABLE = YES;
				IPHONEOS_DEPLOYMENT_TARGET = 15.5;
				MTL_ENABLE_DEBUG_INFO = INCLUDE_SOURCE;
				MTL_FAST_MATH = YES;
				ONLY_ACTIVE_ARCH = YES;
				SDKROOT = iphoneos;
				SWIFT_ACTIVE_COMPILATION_CONDITIONS = DEBUG;
				SWIFT_OPTIMIZATION_LEVEL = "-Onone";
			};
			name = Debug;
		};
		BF9A6C9D28709DD300D8629C /* Release */ = {
			isa = XCBuildConfiguration;
			buildSettings = {
				ALWAYS_SEARCH_USER_PATHS = NO;
				CLANG_ANALYZER_NONNULL = YES;
				CLANG_ANALYZER_NUMBER_OBJECT_CONVERSION = YES_AGGRESSIVE;
				CLANG_CXX_LANGUAGE_STANDARD = "gnu++17";
				CLANG_ENABLE_MODULES = YES;
				CLANG_ENABLE_OBJC_ARC = YES;
				CLANG_ENABLE_OBJC_WEAK = YES;
				CLANG_WARN_BLOCK_CAPTURE_AUTORELEASING = YES;
				CLANG_WARN_BOOL_CONVERSION = YES;
				CLANG_WARN_COMMA = YES;
				CLANG_WARN_CONSTANT_CONVERSION = YES;
				CLANG_WARN_DEPRECATED_OBJC_IMPLEMENTATIONS = YES;
				CLANG_WARN_DIRECT_OBJC_ISA_USAGE = YES_ERROR;
				CLANG_WARN_DOCUMENTATION_COMMENTS = YES;
				CLANG_WARN_EMPTY_BODY = YES;
				CLANG_WARN_ENUM_CONVERSION = YES;
				CLANG_WARN_INFINITE_RECURSION = YES;
				CLANG_WARN_INT_CONVERSION = YES;
				CLANG_WARN_NON_LITERAL_NULL_CONVERSION = YES;
				CLANG_WARN_OBJC_IMPLICIT_RETAIN_SELF = YES;
				CLANG_WARN_OBJC_LITERAL_CONVERSION = YES;
				CLANG_WARN_OBJC_ROOT_CLASS = YES_ERROR;
				CLANG_WARN_QUOTED_INCLUDE_IN_FRAMEWORK_HEADER = YES;
				CLANG_WARN_RANGE_LOOP_ANALYSIS = YES;
				CLANG_WARN_STRICT_PROTOTYPES = YES;
				CLANG_WARN_SUSPICIOUS_MOVE = YES;
				CLANG_WARN_UNGUARDED_AVAILABILITY = YES_AGGRESSIVE;
				CLANG_WARN_UNREACHABLE_CODE = YES;
				CLANG_WARN__DUPLICATE_METHOD_MATCH = YES;
				COPY_PHASE_STRIP = NO;
				DEBUG_INFORMATION_FORMAT = "dwarf-with-dsym";
				ENABLE_NS_ASSERTIONS = NO;
				ENABLE_STRICT_OBJC_MSGSEND = YES;
				GCC_C_LANGUAGE_STANDARD = gnu11;
				GCC_NO_COMMON_BLOCKS = YES;
				GCC_WARN_64_TO_32_BIT_CONVERSION = YES;
				GCC_WARN_ABOUT_RETURN_TYPE = YES_ERROR;
				GCC_WARN_UNDECLARED_SELECTOR = YES;
				GCC_WARN_UNINITIALIZED_AUTOS = YES_AGGRESSIVE;
				GCC_WARN_UNUSED_FUNCTION = YES;
				GCC_WARN_UNUSED_VARIABLE = YES;
				IPHONEOS_DEPLOYMENT_TARGET = 15.5;
				MTL_ENABLE_DEBUG_INFO = NO;
				MTL_FAST_MATH = YES;
				SDKROOT = iphoneos;
				SWIFT_COMPILATION_MODE = wholemodule;
				SWIFT_OPTIMIZATION_LEVEL = "-O";
				VALIDATE_PRODUCT = YES;
			};
			name = Release;
		};
		BF9A6C9F28709DD300D8629C /* Debug */ = {
			isa = XCBuildConfiguration;
			buildSettings = {
				ASSETCATALOG_COMPILER_APPICON_NAME = AppIcon;
				ASSETCATALOG_COMPILER_GLOBAL_ACCENT_COLOR_NAME = AccentColor;
				CODE_SIGN_STYLE = Automatic;
				CURRENT_PROJECT_VERSION = 1;
				DEVELOPMENT_ASSET_PATHS = "\"Favfoods/Preview Content\"";
				DEVELOPMENT_TEAM = 93HN743QH2;
				ENABLE_PREVIEWS = YES;
				GENERATE_INFOPLIST_FILE = YES;
				INFOPLIST_FILE = Favfoods/Info.plist;
				INFOPLIST_KEY_UIApplicationSceneManifest_Generation = YES;
				INFOPLIST_KEY_UIApplicationSupportsIndirectInputEvents = YES;
				INFOPLIST_KEY_UILaunchScreen_Generation = YES;
				INFOPLIST_KEY_UISupportedInterfaceOrientations_iPad = "UIInterfaceOrientationPortrait UIInterfaceOrientationPortraitUpsideDown UIInterfaceOrientationLandscapeLeft UIInterfaceOrientationLandscapeRight";
				INFOPLIST_KEY_UISupportedInterfaceOrientations_iPhone = "UIInterfaceOrientationPortrait UIInterfaceOrientationLandscapeLeft UIInterfaceOrientationLandscapeRight";
				LD_RUNPATH_SEARCH_PATHS = (
					"$(inherited)",
					"@executable_path/Frameworks",
				);
				MARKETING_VERSION = 1.0;
				PRODUCT_BUNDLE_IDENTIFIER = co.rizkyian78.Favfoods;
				PRODUCT_NAME = "$(TARGET_NAME)";
				SWIFT_EMIT_LOC_STRINGS = YES;
				SWIFT_VERSION = 5.0;
				TARGETED_DEVICE_FAMILY = "1,2";
			};
			name = Debug;
		};
		BF9A6CA028709DD300D8629C /* Release */ = {
			isa = XCBuildConfiguration;
			buildSettings = {
				ASSETCATALOG_COMPILER_APPICON_NAME = AppIcon;
				ASSETCATALOG_COMPILER_GLOBAL_ACCENT_COLOR_NAME = AccentColor;
				CODE_SIGN_STYLE = Automatic;
				CURRENT_PROJECT_VERSION = 1;
				DEVELOPMENT_ASSET_PATHS = "\"Favfoods/Preview Content\"";
				DEVELOPMENT_TEAM = 93HN743QH2;
				ENABLE_PREVIEWS = YES;
				GENERATE_INFOPLIST_FILE = YES;
				INFOPLIST_FILE = Favfoods/Info.plist;
				INFOPLIST_KEY_UIApplicationSceneManifest_Generation = YES;
				INFOPLIST_KEY_UIApplicationSupportsIndirectInputEvents = YES;
				INFOPLIST_KEY_UILaunchScreen_Generation = YES;
				INFOPLIST_KEY_UISupportedInterfaceOrientations_iPad = "UIInterfaceOrientationPortrait UIInterfaceOrientationPortraitUpsideDown UIInterfaceOrientationLandscapeLeft UIInterfaceOrientationLandscapeRight";
				INFOPLIST_KEY_UISupportedInterfaceOrientations_iPhone = "UIInterfaceOrientationPortrait UIInterfaceOrientationLandscapeLeft UIInterfaceOrientationLandscapeRight";
				LD_RUNPATH_SEARCH_PATHS = (
					"$(inherited)",
					"@executable_path/Frameworks",
				);
				MARKETING_VERSION = 1.0;
				PRODUCT_BUNDLE_IDENTIFIER = co.rizkyian78.Favfoods;
				PRODUCT_NAME = "$(TARGET_NAME)";
				SWIFT_EMIT_LOC_STRINGS = YES;
				SWIFT_VERSION = 5.0;
				TARGETED_DEVICE_FAMILY = "1,2";
			};
			name = Release;
		};
		BF9A6CA228709DD300D8629C /* Debug */ = {
			isa = XCBuildConfiguration;
			buildSettings = {
				ALWAYS_EMBED_SWIFT_STANDARD_LIBRARIES = YES;
				BUNDLE_LOADER = "$(TEST_HOST)";
				CODE_SIGN_STYLE = Automatic;
				CURRENT_PROJECT_VERSION = 1;
				DEVELOPMENT_TEAM = 93HN743QH2;
				GENERATE_INFOPLIST_FILE = YES;
				IPHONEOS_DEPLOYMENT_TARGET = 15.5;
				MARKETING_VERSION = 1.0;
				PRODUCT_BUNDLE_IDENTIFIER = co.rizkyian78.FavfoodsTests;
				PRODUCT_NAME = "$(TARGET_NAME)";
				SWIFT_EMIT_LOC_STRINGS = NO;
				SWIFT_VERSION = 5.0;
				TARGETED_DEVICE_FAMILY = "1,2";
				TEST_HOST = "$(BUILT_PRODUCTS_DIR)/Favfoods.app/Favfoods";
			};
			name = Debug;
		};
		BF9A6CA328709DD300D8629C /* Release */ = {
			isa = XCBuildConfiguration;
			buildSettings = {
				ALWAYS_EMBED_SWIFT_STANDARD_LIBRARIES = YES;
				BUNDLE_LOADER = "$(TEST_HOST)";
				CODE_SIGN_STYLE = Automatic;
				CURRENT_PROJECT_VERSION = 1;
				DEVELOPMENT_TEAM = 93HN743QH2;
				GENERATE_INFOPLIST_FILE = YES;
				IPHONEOS_DEPLOYMENT_TARGET = 15.5;
				MARKETING_VERSION = 1.0;
				PRODUCT_BUNDLE_IDENTIFIER = co.rizkyian78.FavfoodsTests;
				PRODUCT_NAME = "$(TARGET_NAME)";
				SWIFT_EMIT_LOC_STRINGS = NO;
				SWIFT_VERSION = 5.0;
				TARGETED_DEVICE_FAMILY = "1,2";
				TEST_HOST = "$(BUILT_PRODUCTS_DIR)/Favfoods.app/Favfoods";
			};
			name = Release;
		};
		BF9A6CA528709DD300D8629C /* Debug */ = {
			isa = XCBuildConfiguration;
			buildSettings = {
				ALWAYS_EMBED_SWIFT_STANDARD_LIBRARIES = YES;
				CODE_SIGN_STYLE = Automatic;
				CURRENT_PROJECT_VERSION = 1;
				DEVELOPMENT_TEAM = 93HN743QH2;
				GENERATE_INFOPLIST_FILE = YES;
				MARKETING_VERSION = 1.0;
				PRODUCT_BUNDLE_IDENTIFIER = co.rizkyian78.FavfoodsUITests;
				PRODUCT_NAME = "$(TARGET_NAME)";
				SWIFT_EMIT_LOC_STRINGS = NO;
				SWIFT_VERSION = 5.0;
				TARGETED_DEVICE_FAMILY = "1,2";
				TEST_TARGET_NAME = Favfoods;
			};
			name = Debug;
		};
		BF9A6CA628709DD300D8629C /* Release */ = {
			isa = XCBuildConfiguration;
			buildSettings = {
				ALWAYS_EMBED_SWIFT_STANDARD_LIBRARIES = YES;
				CODE_SIGN_STYLE = Automatic;
				CURRENT_PROJECT_VERSION = 1;
				DEVELOPMENT_TEAM = 93HN743QH2;
				GENERATE_INFOPLIST_FILE = YES;
				MARKETING_VERSION = 1.0;
				PRODUCT_BUNDLE_IDENTIFIER = co.rizkyian78.FavfoodsUITests;
				PRODUCT_NAME = "$(TARGET_NAME)";
				SWIFT_EMIT_LOC_STRINGS = NO;
				SWIFT_VERSION = 5.0;
				TARGETED_DEVICE_FAMILY = "1,2";
				TEST_TARGET_NAME = Favfoods;
			};
			name = Release;
		};
/* End XCBuildConfiguration section */

/* Begin XCConfigurationList section */
		BF9A6C7528709DD000D8629C /* Build configuration list for PBXProject "Favfoods" */ = {
			isa = XCConfigurationList;
			buildConfigurations = (
				BF9A6C9C28709DD300D8629C /* Debug */,
				BF9A6C9D28709DD300D8629C /* Release */,
			);
			defaultConfigurationIsVisible = 0;
			defaultConfigurationName = Release;
		};
		BF9A6C9E28709DD300D8629C /* Build configuration list for PBXNativeTarget "Favfoods" */ = {
			isa = XCConfigurationList;
			buildConfigurations = (
				BF9A6C9F28709DD300D8629C /* Debug */,
				BF9A6CA028709DD300D8629C /* Release */,
			);
			defaultConfigurationIsVisible = 0;
			defaultConfigurationName = Release;
		};
		BF9A6CA128709DD300D8629C /* Build configuration list for PBXNativeTarget "FavfoodsTests" */ = {
			isa = XCConfigurationList;
			buildConfigurations = (
				BF9A6CA228709DD300D8629C /* Debug */,
				BF9A6CA328709DD300D8629C /* Release */,
			);
			defaultConfigurationIsVisible = 0;
			defaultConfigurationName = Release;
		};
		BF9A6CA428709DD300D8629C /* Build configuration list for PBXNativeTarget "FavfoodsUITests" */ = {
			isa = XCConfigurationList;
			buildConfigurations = (
				BF9A6CA528709DD300D8629C /* Debug */,
				BF9A6CA628709DD300D8629C /* Release */,
			);
			defaultConfigurationIsVisible = 0;
			defaultConfigurationName = Release;
		};
/* End XCConfigurationList section */
	};
	rootObject = BF9A6C7228709DD000D8629C /* Project object */;
}
